
Microsoft Visual Studio Solution File, Format Version 12.00
# Visual Studio Version 17
VisualStudioVersion = 17.5.33516.290
MinimumVisualStudioVersion = 10.0.40219.1
Project("{9A19103F-16F7-4668-BE54-9A1E7A4F7556}") = "AirsoftClub", "AirsoftClub\AirsoftClub.csproj", "{4C02F1AD-B9FE-41FF-B646-4DCBF938BB3A}"
EndProject
Project("{2150E333-8FDC-42A3-9474-1A3956D46DE8}") = "Domain", "Domain", "{5A95B70E-8852-456E-B25A-0B8C39385795}"
EndProject
Project("{9A19103F-16F7-4668-BE54-9A1E7A4F7556}") = "AirsoftClub.Domain.Core", "Core\AirsoftClub.Domain.Core.csproj", "{83411774-BDBD-4166-A77C-874E57EB2E4A}"
EndProject
Project("{9A19103F-16F7-4668-BE54-9A1E7A4F7556}") = "AirsoftClub.Domain.Interfaces", "Interfaces\AirsoftClub.Domain.Interfaces.csproj", "{9ACB81A6-770F-428C-919B-072D06173DBB}"
EndProject
Project("{2150E333-8FDC-42A3-9474-1A3956D46DE8}") = "Services", "Services", "{376026AC-4421-478F-94DE-C93AC3E5E6E1}"
EndProject
Project("{9A19103F-16F7-4668-BE54-9A1E7A4F7556}") = "AirsoftClub.Services", "AirsoftClub.Services.Interfaces\AirsoftClub.Services.csproj", "{D1B45A2A-3A15-4400-8CAA-EE2CD33DC954}"
EndProject
Project("{2150E333-8FDC-42A3-9474-1A3956D46DE8}") = "Infrastructure", "Infrastructure", "{42D12198-318C-418B-A75F-6535257E88A4}"
EndProject
Project("{9A19103F-16F7-4668-BE54-9A1E7A4F7556}") = "AirsoftClub.Infrastructure.Data", "AirsoftClub.Infrastructure.Data\AirsoftClub.Infrastructure.Data.csproj", "{6E7769CE-23D8-4235-B8C1-05E7433FB0A0}"
EndProject
Project("{9A19103F-16F7-4668-BE54-9A1E7A4F7556}") = "AirsoftClub.Infrastructure.Business", "AirsoftClub.Infrastructure.Business\AirsoftClub.Infrastructure.Business.csproj", "{87EDB04F-4CC0-4171-B810-21FC089CD36E}"
EndProject
Global
	GlobalSection(SolutionConfigurationPlatforms) = preSolution
		Debug|Any CPU = Debug|Any CPU
		Release|Any CPU = Release|Any CPU
	EndGlobalSection
	GlobalSection(ProjectConfigurationPlatforms) = postSolution
		{4C02F1AD-B9FE-41FF-B646-4DCBF938BB3A}.Debug|Any CPU.ActiveCfg = Debug|Any CPU
		{4C02F1AD-B9FE-41FF-B646-4DCBF938BB3A}.Debug|Any CPU.Build.0 = Debug|Any CPU
		{4C02F1AD-B9FE-41FF-B646-4DCBF938BB3A}.Release|Any CPU.ActiveCfg = Release|Any CPU
		{4C02F1AD-B9FE-41FF-B646-4DCBF938BB3A}.Release|Any CPU.Build.0 = Release|Any CPU
		{83411774-BDBD-4166-A77C-874E57EB2E4A}.Debug|Any CPU.ActiveCfg = Debug|Any CPU
		{83411774-BDBD-4166-A77C-874E57EB2E4A}.Debug|Any CPU.Build.0 = Debug|Any CPU
		{83411774-BDBD-4166-A77C-874E57EB2E4A}.Release|Any CPU.ActiveCfg = Release|Any CPU
		{83411774-BDBD-4166-A77C-874E57EB2E4A}.Release|Any CPU.Build.0 = Release|Any CPU
		{9ACB81A6-770F-428C-919B-072D06173DBB}.Debug|Any CPU.ActiveCfg = Debug|Any CPU
		{9ACB81A6-770F-428C-919B-072D06173DBB}.Debug|Any CPU.Build.0 = Debug|Any CPU
		{9ACB81A6-770F-428C-919B-072D06173DBB}.Release|Any CPU.ActiveCfg = Release|Any CPU
		{9ACB81A6-770F-428C-919B-072D06173DBB}.Release|Any CPU.Build.0 = Release|Any CPU
		{D1B45A2A-3A15-4400-8CAA-EE2CD33DC954}.Debug|Any CPU.ActiveCfg = Debug|Any CPU
		{D1B45A2A-3A15-4400-8CAA-EE2CD33DC954}.Debug|Any CPU.Build.0 = Debug|Any CPU
		{D1B45A2A-3A15-4400-8CAA-EE2CD33DC954}.Release|Any CPU.ActiveCfg = Release|Any CPU
		{D1B45A2A-3A15-4400-8CAA-EE2CD33DC954}.Release|Any CPU.Build.0 = Release|Any CPU
		{6E7769CE-23D8-4235-B8C1-05E7433FB0A0}.Debug|Any CPU.ActiveCfg = Debug|Any CPU
		{6E7769CE-23D8-4235-B8C1-05E7433FB0A0}.Debug|Any CPU.Build.0 = Debug|Any CPU
		{6E7769CE-23D8-4235-B8C1-05E7433FB0A0}.Release|Any CPU.ActiveCfg = Release|Any CPU
		{6E7769CE-23D8-4235-B8C1-05E7433FB0A0}.Release|Any CPU.Build.0 = Release|Any CPU
		{87EDB04F-4CC0-4171-B810-21FC089CD36E}.Debug|Any CPU.ActiveCfg = Debug|Any CPU
		{87EDB04F-4CC0-4171-B810-21FC089CD36E}.Debug|Any CPU.Build.0 = Debug|Any CPU
		{87EDB04F-4CC0-4171-B810-21FC089CD36E}.Release|Any CPU.ActiveCfg = Release|Any CPU
		{87EDB04F-4CC0-4171-B810-21FC089CD36E}.Release|Any CPU.Build.0 = Release|Any CPU
	EndGlobalSection
	GlobalSection(SolutionProperties) = preSolution
		HideSolutionNode = FALSE
	EndGlobalSection
	GlobalSection(NestedProjects) = preSolution
		{83411774-BDBD-4166-A77C-874E57EB2E4A} = {5A95B70E-8852-456E-B25A-0B8C39385795}
		{9ACB81A6-770F-428C-919B-072D06173DBB} = {5A95B70E-8852-456E-B25A-0B8C39385795}
		{D1B45A2A-3A15-4400-8CAA-EE2CD33DC954} = {376026AC-4421-478F-94DE-C93AC3E5E6E1}
		{6E7769CE-23D8-4235-B8C1-05E7433FB0A0} = {42D12198-318C-418B-A75F-6535257E88A4}
		{87EDB04F-4CC0-4171-B810-21FC089CD36E} = {42D12198-318C-418B-A75F-6535257E88A4}
	EndGlobalSection
	GlobalSection(ExtensibilityGlobals) = postSolution
		SolutionGuid = {71A62BD2-63DC-4FFC-9AF5-D76AABAA1F7C}
	EndGlobalSection
EndGlobal
